{
  "R": {
    "Version": "4.2.2",
    "Repositories": [
      {
        "Name": "CRAN",
        "URL": "https://ftp.fau.de/cran"
      }
    ]
  },
  "Packages": {
    "BWStest": {
      "Package": "BWStest",
      "Version": "0.2.2",
      "Source": "Repository",
      "Repository": "CRAN",
      "Requirements": [
        "Rcpp",
        "memoise"
      ],
      "Hash": "c8727f10292b1913b40c05dd659c5f08"
    },
    "DEoptimR": {
      "Package": "DEoptimR",
      "Version": "1.0-12",
      "Source": "Repository",
      "Repository": "CRAN",
      "Requirements": [
        "stats"
      ],
      "Hash": "50c37a30c2c3f3b1e75741631cdae0c7"
    },
    "KernSmooth": {
      "Package": "KernSmooth",
      "Version": "2.23-20",
      "Source": "Repository",
      "Repository": "CRAN",
      "Requirements": [
        "R",
        "stats"
      ],
      "Hash": "8dcfa99b14c296bc9f1fd64d52fd3ce7"
    },
    "MASS": {
      "Package": "MASS",
      "Version": "7.3-59",
      "Source": "Repository",
      "Repository": "CRAN",
      "Requirements": [
        "R",
        "grDevices",
        "graphics",
        "methods",
        "stats",
        "utils"
      ],
      "Hash": "26570ae748e78cb2b0f56019dd2ba354"
    },
    "Matrix": {
      "Package": "Matrix",
      "Version": "1.5-4",
      "Source": "Repository",
      "Repository": "CRAN",
      "Requirements": [
        "R",
        "graphics",
        "grid",
        "lattice",
        "methods",
        "stats",
        "utils"
      ],
      "Hash": "e779c7d9f35cc364438578f334cffee2"
    },
    "PMCMRplus": {
      "Package": "PMCMRplus",
      "Version": "1.9.6",
      "Source": "Repository",
      "Repository": "CRAN",
      "Requirements": [
        "BWStest",
        "MASS",
        "R",
        "Rmpfr",
        "SuppDists",
        "gmp",
        "kSamples",
        "multcompView",
        "mvtnorm",
        "stats"
      ],
      "Hash": "4cb31c71f0745b0b51e6c8d186f8b629"
    },
    "PRROC": {
      "Package": "PRROC",
      "Version": "1.3.1",
      "Source": "Repository",
      "Repository": "CRAN",
      "Hash": "5506f0a5a0661ac39bfcfca702f1f282"
    },
    "R6": {
      "Package": "R6",
      "Version": "2.5.1",
      "Source": "Repository",
      "Repository": "CRAN",
      "Requirements": [
        "R"
      ],
      "Hash": "470851b6d5d0ac559e9d01bb352b4021"
    },
    "RApiSerialize": {
      "Package": "RApiSerialize",
      "Version": "0.1.2",
      "Source": "Repository",
      "Repository": "CRAN",
      "Hash": "d8a79c95f553670ceffbd190815bbfce"
    },
    "RColorBrewer": {
      "Package": "RColorBrewer",
      "Version": "1.1-3",
      "Source": "Repository",
      "Repository": "CRAN",
      "Requirements": [
        "R"
      ],
      "Hash": "45f0398006e83a5b10b72a90663d8d8c"
    },
    "Rcpp": {
      "Package": "Rcpp",
      "Version": "1.0.10",
      "Source": "Repository",
      "Repository": "CRAN",
      "Requirements": [
        "methods",
        "utils"
      ],
      "Hash": "e749cae40fa9ef469b6050959517453c"
    },
    "RcppEigen": {
      "Package": "RcppEigen",
      "Version": "0.3.3.9.3",
      "Source": "Repository",
      "Repository": "CRAN",
      "Requirements": [
        "Matrix",
        "R",
        "Rcpp",
        "stats",
        "utils"
      ],
      "Hash": "1e035db628cefb315c571202d70202fe"
    },
    "RcppParallel": {
      "Package": "RcppParallel",
      "Version": "5.1.7",
      "Source": "Repository",
      "Repository": "CRAN",
      "Requirements": [
        "R"
      ],
      "Hash": "a45594a00f5dbb073d5ec9f48592a08a"
    },
    "Rmpfr": {
      "Package": "Rmpfr",
      "Version": "0.9-2",
      "Source": "Repository",
      "Repository": "CRAN",
      "Requirements": [
        "R",
        "gmp",
        "methods",
        "stats",
        "utils"
      ],
      "Hash": "51640c8a9f57c61be613afe396c84176"
    },
    "SuppDists": {
      "Package": "SuppDists",
      "Version": "1.1-9.7",
      "Source": "Repository",
      "Repository": "CRAN",
      "Requirements": [
        "R"
      ],
      "Hash": "82fc819203a2818bd5c10f758991b492"
    },
    "askpass": {
      "Package": "askpass",
      "Version": "1.1",
      "Source": "Repository",
      "Repository": "CRAN",
      "Requirements": [
        "sys"
      ],
      "Hash": "e8a22846fff485f0be3770c2da758713"
    },
    "backports": {
      "Package": "backports",
      "Version": "1.4.1",
      "Source": "Repository",
      "Repository": "CRAN",
      "Requirements": [
        "R"
      ],
      "Hash": "c39fbec8a30d23e721980b8afb31984c"
    },
    "base64url": {
      "Package": "base64url",
      "Version": "1.4",
      "Source": "Repository",
      "Repository": "CRAN",
      "Requirements": [
        "backports"
      ],
      "Hash": "0c54cf3a08cc0e550fbd64ad33166143"
    },
    "batchtools": {
      "Package": "batchtools",
      "Version": "0.9.17",
      "Source": "Repository",
      "Repository": "CRAN",
      "Requirements": [
        "R",
        "R6",
        "backports",
        "base64url",
        "brew",
        "checkmate",
        "data.table",
        "digest",
        "fs",
        "parallel",
        "progress",
        "rappdirs",
        "stats",
        "stringi",
        "utils",
        "withr"
      ],
      "Hash": "c21ca34590a8dd80fccec5bf1b2d26d7"
    },
    "bbotk": {
      "Package": "bbotk",
      "Version": "0.7.2",
      "Source": "Repository",
      "Repository": "CRAN",
      "Requirements": [
        "R",
        "R6",
        "checkmate",
        "data.table",
        "lgr",
        "methods",
        "mlr3misc",
        "paradox"
      ],
      "Hash": "7d04d128391d34150d9b290f6e14976f"
    },
    "bit": {
      "Package": "bit",
      "Version": "4.0.5",
      "Source": "Repository",
      "Repository": "CRAN",
      "Requirements": [
        "R"
      ],
      "Hash": "d242abec29412ce988848d0294b208fd"
    },
    "bit64": {
      "Package": "bit64",
      "Version": "4.0.5",
      "Source": "Repository",
      "Repository": "CRAN",
      "Requirements": [
        "R",
        "bit",
        "methods",
        "stats",
        "utils"
      ],
      "Hash": "9fe98599ca456d6552421db0d6772d8f"
    },
    "boot": {
      "Package": "boot",
      "Version": "1.3-28",
      "Source": "Repository",
      "Repository": "CRAN",
      "Requirements": [
        "R",
        "graphics",
        "stats"
      ],
      "Hash": "0baa960e3b49c6176a4f42addcbacc59"
    },
    "brew": {
      "Package": "brew",
      "Version": "1.0-8",
      "Source": "Repository",
      "Repository": "CRAN",
      "Hash": "d69a786e85775b126bddbee185ae6084"
    },
    "brio": {
      "Package": "brio",
      "Version": "1.1.3",
      "Source": "Repository",
      "Repository": "CRAN",
      "Hash": "976cf154dfb043c012d87cddd8bca363"
    },
    "cachem": {
      "Package": "cachem",
      "Version": "1.0.8",
      "Source": "Repository",
      "Repository": "CRAN",
      "Requirements": [
        "fastmap",
        "rlang"
      ],
      "Hash": "c35768291560ce302c0a6589f92e837d"
    },
    "callr": {
      "Package": "callr",
      "Version": "3.7.3",
      "Source": "Repository",
      "Repository": "CRAN",
      "Requirements": [
        "R",
        "R6",
        "processx",
        "utils"
      ],
      "Hash": "9b2191ede20fa29828139b9900922e51"
    },
    "checkmate": {
      "Package": "checkmate",
      "Version": "2.1.0",
      "Source": "Repository",
      "Repository": "CRAN",
      "Requirements": [
        "R",
        "backports",
        "utils"
      ],
      "Hash": "147e4db6909d8814bb30f671b49d7e06"
    },
    "class": {
      "Package": "class",
      "Version": "7.3-21",
      "Source": "Repository",
      "Repository": "CRAN",
      "Requirements": [
        "MASS",
        "R",
        "stats",
        "utils"
      ],
      "Hash": "8ae0d4328e2eb3a582dfd5391a3663b7"
    },
    "cli": {
      "Package": "cli",
      "Version": "3.6.1",
      "Source": "Repository",
      "Repository": "CRAN",
      "Requirements": [
        "R",
        "utils"
      ],
      "Hash": "89e6d8219950eac806ae0c489052048a"
    },
    "clue": {
      "Package": "clue",
      "Version": "0.3-64",
      "Source": "Repository",
      "Repository": "CRAN",
      "Requirements": [
        "R",
        "cluster",
        "graphics",
        "methods",
        "stats"
      ],
      "Hash": "f013e45eb656a4bb17b39cb24827a51f"
    },
    "cluster": {
      "Package": "cluster",
      "Version": "2.1.4",
      "Source": "Repository",
      "Repository": "CRAN",
      "Requirements": [
        "R",
        "grDevices",
        "graphics",
        "stats",
        "utils"
      ],
      "Hash": "5edbbabab6ce0bf7900a74fd4358628e"
    },
    "codetools": {
      "Package": "codetools",
      "Version": "0.2-19",
      "Source": "Repository",
      "Repository": "CRAN",
      "Requirements": [
        "R"
      ],
      "Hash": "c089a619a7fae175d149d89164f8c7d8"
    },
    "colorspace": {
      "Package": "colorspace",
      "Version": "2.1-0",
      "Source": "Repository",
      "Repository": "CRAN",
      "Requirements": [
        "R",
        "grDevices",
        "graphics",
        "methods",
        "stats"
      ],
      "Hash": "f20c47fd52fae58b4e377c37bb8c335b"
    },
    "crayon": {
      "Package": "crayon",
      "Version": "1.5.2",
      "Source": "Repository",
      "Repository": "CRAN",
      "Requirements": [
        "grDevices",
        "methods",
        "utils"
      ],
      "Hash": "e8a1e41acf02548751f45c718d55aa6a"
    },
    "curl": {
      "Package": "curl",
      "Version": "5.0.0",
      "Source": "Repository",
      "Repository": "CRAN",
      "Requirements": [
        "R"
      ],
      "Hash": "e4f97056611e8e6b8b852d13b7400cf1"
    },
    "data.table": {
      "Package": "data.table",
      "Version": "1.14.8",
      "Source": "Repository",
      "Repository": "CRAN",
      "Requirements": [
        "R",
        "methods"
      ],
      "Hash": "b4c06e554f33344e044ccd7fdca750a9"
    },
    "desc": {
      "Package": "desc",
      "Version": "1.4.2",
      "Source": "Repository",
      "Repository": "CRAN",
      "Requirements": [
        "R",
        "R6",
        "cli",
        "rprojroot",
        "utils"
      ],
      "Hash": "6b9602c7ebbe87101a9c8edb6e8b6d21"
    },
    "diffobj": {
      "Package": "diffobj",
      "Version": "0.3.5",
      "Source": "Repository",
      "Repository": "CRAN",
      "Requirements": [
        "R",
        "crayon",
        "methods",
        "stats",
        "tools",
        "utils"
      ],
      "Hash": "bcaa8b95f8d7d01a5dedfd959ce88ab8"
    },
    "digest": {
      "Package": "digest",
      "Version": "0.6.31",
      "Source": "Repository",
      "Repository": "CRAN",
      "Requirements": [
        "R",
        "utils"
      ],
      "Hash": "8b708f296afd9ae69f450f9640be8990"
    },
    "diptest": {
      "Package": "diptest",
      "Version": "0.76-0",
      "Source": "Repository",
      "Repository": "CRAN",
      "Requirements": [
        "graphics",
        "stats"
      ],
      "Hash": "bbd10b5bf75e6addef50928ffcc591ee"
    },
    "ellipsis": {
      "Package": "ellipsis",
      "Version": "0.3.2",
      "Source": "Repository",
      "Repository": "CRAN",
      "Requirements": [
        "R",
        "rlang"
      ],
      "Hash": "bb0eec2fe32e88d9e2836c2f73ea2077"
    },
    "evaluate": {
      "Package": "evaluate",
      "Version": "0.20",
      "Source": "Repository",
      "Repository": "CRAN",
      "Requirements": [
        "R",
        "methods"
      ],
      "Hash": "4b68aa51edd89a0e044a66e75ae3cc6c"
    },
    "fansi": {
      "Package": "fansi",
      "Version": "1.0.4",
      "Source": "Repository",
      "Repository": "CRAN",
      "Requirements": [
        "R",
        "grDevices",
        "utils"
      ],
      "Hash": "1d9e7ad3c8312a192dea7d3db0274fde"
    },
    "farver": {
      "Package": "farver",
      "Version": "2.1.1",
      "Source": "Repository",
      "Repository": "CRAN",
      "Hash": "8106d78941f34855c440ddb946b8f7a5"
    },
    "fastmap": {
      "Package": "fastmap",
      "Version": "1.1.1",
      "Source": "Repository",
      "Repository": "CRAN",
      "Hash": "f7736a18de97dea803bde0a2daaafb27"
    },
    "flexmix": {
      "Package": "flexmix",
      "Version": "2.3-19",
      "Source": "Repository",
      "Repository": "CRAN",
      "Requirements": [
        "R",
        "grDevices",
        "graphics",
        "grid",
        "lattice",
        "methods",
        "modeltools",
        "nnet",
        "stats",
        "stats4",
        "utils"
      ],
      "Hash": "0cb3c4b251c2d3fd5923d3e7e6021ee2"
    },
    "foreach": {
      "Package": "foreach",
      "Version": "1.5.2",
      "Source": "Repository",
      "Repository": "CRAN",
      "Requirements": [
        "R",
        "codetools",
        "iterators",
        "utils"
      ],
      "Hash": "618609b42c9406731ead03adf5379850"
    },
    "foreign": {
      "Package": "foreign",
      "Version": "0.8-83",
      "Source": "Repository",
      "Repository": "CRAN",
      "Requirements": [
        "R",
        "methods",
        "stats",
        "utils"
      ],
      "Hash": "4e43a8846712a6d5991b19b9bd5f9199"
    },
    "fpc": {
      "Package": "fpc",
      "Version": "2.2-10",
      "Source": "Repository",
      "Repository": "CRAN",
      "Requirements": [
        "MASS",
        "R",
        "class",
        "cluster",
        "diptest",
        "flexmix",
        "grDevices",
        "graphics",
        "kernlab",
        "mclust",
        "methods",
        "parallel",
        "prabclus",
        "robustbase",
        "stats",
        "utils"
      ],
      "Hash": "2d4e8c6b3ee8cbba359e105f4141c7cb"
    },
    "fs": {
      "Package": "fs",
      "Version": "1.6.1",
      "Source": "Repository",
      "Repository": "CRAN",
      "Requirements": [
        "R",
        "methods"
      ],
      "Hash": "f4dcd23b67e33d851d2079f703e8b985"
    },
    "future": {
      "Package": "future",
      "Version": "1.32.0",
      "Source": "Repository",
      "Repository": "CRAN",
      "Requirements": [
        "digest",
        "globals",
        "listenv",
        "parallel",
        "parallelly",
        "utils"
      ],
      "Hash": "c68517cf2f78be4ea86e140b8598a4ca"
    },
    "future.apply": {
      "Package": "future.apply",
      "Version": "1.10.0",
      "Source": "Repository",
      "Repository": "CRAN",
      "Requirements": [
        "R",
        "future",
        "globals",
        "parallel",
        "utils"
      ],
      "Hash": "a930c9ddc317f898e6f5bed7be8dd322"
    },
    "ggplot2": {
      "Package": "ggplot2",
      "Version": "3.4.2",
      "Source": "Repository",
      "Repository": "CRAN",
      "Requirements": [
        "MASS",
        "R",
        "cli",
        "glue",
        "grDevices",
        "grid",
        "gtable",
        "isoband",
        "lifecycle",
        "mgcv",
        "rlang",
        "scales",
        "stats",
        "tibble",
        "vctrs",
        "withr"
      ],
      "Hash": "3a147ee02e85a8941aad9909f1b43b7b"
    },
    "glmnet": {
      "Package": "glmnet",
      "Version": "4.1-7",
      "Source": "Repository",
      "Repository": "CRAN",
      "Requirements": [
        "Matrix",
        "R",
        "Rcpp",
        "RcppEigen",
        "foreach",
        "methods",
        "shape",
        "survival",
        "utils"
      ],
      "Hash": "06f12f72ce94e533751a041cef8b71bc"
    },
    "globals": {
      "Package": "globals",
      "Version": "0.16.2",
      "Source": "Repository",
      "Repository": "CRAN",
      "Requirements": [
        "R",
        "codetools"
      ],
      "Hash": "baa9585ab4ce47a9f4618e671778cc6f"
    },
    "glue": {
      "Package": "glue",
      "Version": "1.6.2",
      "Source": "Repository",
      "Repository": "CRAN",
      "Requirements": [
        "R",
        "methods"
      ],
      "Hash": "4f2596dfb05dac67b9dc558e5c6fba2e"
    },
    "gmp": {
      "Package": "gmp",
      "Version": "0.7-1",
      "Source": "Repository",
      "Repository": "CRAN",
      "Requirements": [
        "R",
        "methods"
      ],
      "Hash": "2381309e05cfc9d3bf86d23b5f54f5a5"
    },
    "gridExtra": {
      "Package": "gridExtra",
      "Version": "2.3",
      "Source": "Repository",
      "Repository": "CRAN",
      "Requirements": [
        "grDevices",
        "graphics",
        "grid",
        "gtable",
        "utils"
      ],
      "Hash": "7d7f283939f563670a697165b2cf5560"
    },
    "gtable": {
      "Package": "gtable",
      "Version": "0.3.3",
      "Source": "Repository",
      "Repository": "CRAN",
      "Requirements": [
        "R",
        "cli",
        "glue",
        "grid",
        "lifecycle",
        "rlang"
      ],
      "Hash": "b44addadb528a0d227794121c00572a0"
    },
    "here": {
      "Package": "here",
      "Version": "1.0.1",
      "Source": "Repository",
      "Repository": "CRAN",
      "Requirements": [
        "rprojroot"
      ],
      "Hash": "24b224366f9c2e7534d2344d10d59211"
    },
    "hms": {
      "Package": "hms",
      "Version": "1.1.3",
      "Source": "Repository",
      "Repository": "CRAN",
      "Requirements": [
        "lifecycle",
        "methods",
        "pkgconfig",
        "rlang",
        "vctrs"
      ],
      "Hash": "b59377caa7ed00fa41808342002138f9"
    },
    "httr": {
      "Package": "httr",
      "Version": "1.4.5",
      "Source": "Repository",
      "Repository": "CRAN",
      "Requirements": [
        "R",
        "R6",
        "curl",
        "jsonlite",
        "mime",
        "openssl"
      ],
      "Hash": "f6844033201269bec3ca0097bc6c97b3"
    },
    "isoband": {
      "Package": "isoband",
      "Version": "0.2.7",
      "Source": "Repository",
      "Repository": "CRAN",
      "Requirements": [
        "grid",
        "utils"
      ],
      "Hash": "0080607b4a1a7b28979aecef976d8bc2"
    },
    "iterators": {
      "Package": "iterators",
      "Version": "1.0.14",
      "Source": "Repository",
      "Repository": "CRAN",
      "Requirements": [
        "R",
        "utils"
      ],
      "Hash": "8954069286b4b2b0d023d1b288dce978"
    },
    "jsonlite": {
      "Package": "jsonlite",
      "Version": "1.8.4",
      "Source": "Repository",
      "Repository": "CRAN",
      "Requirements": [
        "methods"
      ],
      "Hash": "a4269a09a9b865579b2635c77e572374"
    },
    "kSamples": {
      "Package": "kSamples",
      "Version": "1.2-9",
      "Source": "Repository",
      "Repository": "CRAN",
      "Requirements": [
        "SuppDists",
        "graphics",
        "methods",
        "stats"
      ],
      "Hash": "6a1206db0c58154101383c389adb5ad1"
    },
    "kernlab": {
      "Package": "kernlab",
      "Version": "0.9-32",
      "Source": "Repository",
      "Repository": "CRAN",
      "Requirements": [
        "R",
        "grDevices",
        "graphics",
        "methods",
        "stats"
      ],
      "Hash": "d7d6a7cb690ac73eeced99e1ed9d6cdb"
    },
    "labeling": {
      "Package": "labeling",
      "Version": "0.4.2",
      "Source": "Repository",
      "Repository": "CRAN",
      "Requirements": [
        "graphics",
        "stats"
      ],
      "Hash": "3d5108641f47470611a32d0bdf357a72"
    },
    "lattice": {
      "Package": "lattice",
      "Version": "0.21-8",
      "Source": "Repository",
      "Repository": "CRAN",
      "Requirements": [
        "R",
        "grDevices",
        "graphics",
        "grid",
        "stats",
        "utils"
      ],
      "Hash": "0b8a6d63c8770f02a8b5635f3c431e6b"
    },
    "lgr": {
      "Package": "lgr",
      "Version": "0.4.4",
      "Source": "Repository",
      "Repository": "CRAN",
      "Requirements": [
        "R",
        "R6"
      ],
      "Hash": "a6bc51765d7e9eeb2b225a11805527aa"
    },
    "lifecycle": {
      "Package": "lifecycle",
      "Version": "1.0.3",
      "Source": "Repository",
      "Repository": "CRAN",
      "Requirements": [
        "R",
        "cli",
        "glue",
        "rlang"
      ],
      "Hash": "001cecbeac1cff9301bdc3775ee46a86"
    },
    "listenv": {
      "Package": "listenv",
      "Version": "0.9.0",
      "Source": "Repository",
      "Repository": "CRAN",
      "Requirements": [
        "R"
      ],
      "Hash": "4fbd3679ec8ee169ba28d4b1ea7d0e8f"
    },
    "magrittr": {
      "Package": "magrittr",
      "Version": "2.0.3",
      "Source": "Repository",
      "Repository": "CRAN",
      "Requirements": [
        "R"
      ],
      "Hash": "7ce2733a9826b3aeb1775d56fd305472"
    },
    "mclust": {
      "Package": "mclust",
      "Version": "6.0.0",
      "Source": "Repository",
      "Repository": "CRAN",
      "Requirements": [
        "R",
        "grDevices",
        "graphics",
        "stats",
        "utils"
      ],
      "Hash": "a42d1a95e400fcd75294b1464d1a84ac"
    },
    "memoise": {
      "Package": "memoise",
      "Version": "2.0.1",
      "Source": "Repository",
      "Repository": "CRAN",
      "Requirements": [
        "cachem",
        "rlang"
      ],
      "Hash": "e2817ccf4a065c5d9d7f2cfbe7c1d78c"
    },
    "mgcv": {
      "Package": "mgcv",
      "Version": "1.8-42",
      "Source": "Repository",
      "Repository": "CRAN",
      "Requirements": [
        "Matrix",
        "R",
        "graphics",
        "methods",
        "nlme",
        "splines",
        "stats",
        "utils"
      ],
      "Hash": "3460beba7ccc8946249ba35327ba902a"
    },
    "mime": {
      "Package": "mime",
      "Version": "0.12",
      "Source": "Repository",
      "Repository": "CRAN",
      "Requirements": [
        "tools"
      ],
      "Hash": "18e9c28c1d3ca1560ce30658b22ce104"
    },
    "mlbench": {
      "Package": "mlbench",
      "Version": "2.1-3",
      "Source": "Repository",
      "Repository": "CRAN",
      "Requirements": [
        "R"
      ],
      "Hash": "6bb7265771062ba4f059c53e1daed30b"
    },
    "mlr3": {
      "Package": "mlr3",
      "Version": "0.16.0",
      "Source": "Repository",
      "Repository": "CRAN",
      "Requirements": [
        "R",
        "R6",
        "backports",
        "checkmate",
        "data.table",
        "evaluate",
        "future",
        "future.apply",
        "lgr",
        "mlbench",
        "mlr3measures",
        "mlr3misc",
        "palmerpenguins",
        "paradox",
        "parallelly",
        "uuid"
      ],
      "Hash": "428b8ba91da4a6cd99a2587fa5876c66"
    },
    "mlr3batchmark": {
      "Package": "mlr3batchmark",
      "Version": "0.1.0",
      "Source": "GitHub",
      "RemoteType": "github",
      "RemoteHost": "api.github.com",
      "RemoteUsername": "mlr-org",
      "RemoteRepo": "mlr3batchmark",
      "RemoteRef": "main",
      "RemoteSha": "e17fa5e71317bd6ed0907174fa15e6e02fef0e5c",
      "Requirements": [
        "R",
        "batchtools",
        "checkmate",
        "data.table",
        "lgr",
        "mlr3",
        "mlr3misc",
        "uuid"
      ],
      "Hash": "7ad4092911ddc48f6b302257e62527f7"
    },
    "mlr3benchmark": {
      "Package": "mlr3benchmark",
      "Version": "0.1.5-9000",
      "Source": "GitHub",
      "RemoteType": "github",
      "RemoteHost": "api.github.com",
      "RemoteUsername": "mlr-org",
      "RemoteRepo": "mlr3benchmark",
      "RemoteRef": "main",
      "RemoteSha": "d88cc4e6fbd71e8f59f4d5dc087cb9b97d606a7e",
      "Requirements": [
        "R",
        "R6",
        "checkmate",
        "data.table",
        "ggplot2",
        "mlr3misc"
      ],
      "Hash": "a5279d052d72d0a8cb19cbbf60c29ff2"
    },
    "mlr3cluster": {
      "Package": "mlr3cluster",
      "Version": "0.1.8",
      "Source": "Repository",
      "Repository": "CRAN",
      "Requirements": [
        "R",
        "R6",
        "backports",
        "checkmate",
        "clue",
        "cluster",
        "data.table",
        "fpc",
        "mlr3",
        "mlr3misc",
        "paradox",
        "stats"
      ],
      "Hash": "3b76a6e26ab07eb97b88997a80b54f07"
    },
    "mlr3data": {
      "Package": "mlr3data",
      "Version": "0.6.1",
      "Source": "Repository",
      "Repository": "CRAN",
      "Requirements": [
        "R"
      ],
      "Hash": "28b132c552b4d545b1bd9d05209cae1a"
    },
    "mlr3extralearners": {
      "Package": "mlr3extralearners",
      "Version": "0.6.1-9000",
      "Source": "GitHub",
      "RemoteType": "github",
      "RemoteHost": "api.github.com",
      "RemoteUsername": "mlr-org",
      "RemoteRepo": "mlr3extralearners",
      "RemoteRef": "main",
      "RemoteSha": "e12dd99ad4cb24e5987bfae09e63d7cc5581c6c3",
      "Remotes": "alan-turing-institute/distr6,\n    catboost/catboost/catboost/R-package@*release, binderh/CoxBoost,\n    mlr-org/mlr3proba, RaphaelS1/survivalmodels, xoopR/param6, xoopR/set6",
      "Requirements": [
        "R",
        "R6",
        "checkmate",
        "data.table",
        "methods",
        "mlr3",
        "mlr3misc",
        "paradox"
      ],
      "Hash": "8155ae8ba0987ad8903dd66a15c64f8f"
    },
    "mlr3filters": {
      "Package": "mlr3filters",
      "Version": "0.7.1",
      "Source": "Repository",
      "Repository": "CRAN",
      "Requirements": [
        "R",
        "R6",
        "backports",
        "checkmate",
        "data.table",
        "mlr3",
        "mlr3misc",
        "paradox"
      ],
      "Hash": "b2d1e6ef8106d3410614e5c69de9e3bd"
    },
    "mlr3fselect": {
      "Package": "mlr3fselect",
      "Version": "0.11.0",
      "Source": "Repository",
      "Repository": "CRAN",
      "Requirements": [
        "R",
        "R6",
        "bbotk",
        "checkmate",
        "data.table",
        "lgr",
        "mlr3",
        "mlr3misc",
        "paradox"
      ],
      "Hash": "031ce2a3576d6498940239e1e81111f5"
    },
    "mlr3hyperband": {
      "Package": "mlr3hyperband",
      "Version": "0.4.5",
      "Source": "Repository",
      "Repository": "CRAN",
      "Requirements": [
        "R",
        "R6",
        "bbotk",
        "checkmate",
        "data.table",
        "lgr",
        "mlr3",
        "mlr3misc",
        "mlr3tuning",
        "paradox"
      ],
      "Hash": "8b73134dc424bf3cc864e988cb7aafe8"
    },
    "mlr3learners": {
      "Package": "mlr3learners",
      "Version": "0.5.6",
      "Source": "Repository",
      "Repository": "CRAN",
      "Requirements": [
        "R",
        "R6",
        "checkmate",
        "data.table",
        "mlr3",
        "mlr3misc",
        "paradox"
      ],
      "Hash": "8b71930f216fa191473895ce05965c00"
    },
    "mlr3mbo": {
      "Package": "mlr3mbo",
      "Version": "0.2.0.9000",
      "Source": "GitHub",
      "RemoteType": "github",
      "RemoteHost": "api.github.com",
      "RemoteRepo": "mlr3mbo",
      "RemoteUsername": "mlr-org",
      "RemoteRef": "HEAD",
      "RemoteSha": "b59b620ea20ae8f8a2fac4191ced61da34028fe3",
      "Requirements": [
        "R",
        "R6",
        "bbotk",
        "checkmate",
        "data.table",
        "lgr",
        "mlr3",
        "mlr3misc",
        "mlr3tuning",
        "paradox"
      ],
      "Hash": "1c8ba257611d89895bd29afcbb0512eb"
    },
    "mlr3measures": {
      "Package": "mlr3measures",
      "Version": "0.5.0",
      "Source": "Repository",
      "Repository": "CRAN",
      "Requirements": [
        "PRROC",
        "R",
        "checkmate"
      ],
      "Hash": "540045d567107f6305daf6e9bffa6287"
    },
    "mlr3misc": {
      "Package": "mlr3misc",
      "Version": "0.12.0",
      "Source": "GitHub",
      "RemoteType": "github",
      "RemoteHost": "api.github.com",
      "RemoteUsername": "mlr-org",
      "RemoteRepo": "mlr3misc",
      "RemoteRef": "main",
      "RemoteSha": "589026d2b00f0902f0812bb7b7dd7fea10b273b1",
      "Requirements": [
        "R",
        "R6",
        "backports",
        "checkmate",
        "data.table",
        "digest",
        "methods"
      ],
      "Hash": "0c134cbbcc7984e20ef9a869a8bf4206"
    },
    "mlr3oml": {
      "Package": "mlr3oml",
      "Version": "0.7.1-9000",
      "Source": "GitHub",
      "RemoteType": "github",
      "RemoteHost": "api.github.com",
      "RemoteUsername": "mlr-org",
      "RemoteRepo": "mlr3oml",
      "RemoteRef": "main",
      "RemoteSha": "b540dc373917a936695b6477e5aa95c56a61dc32",
      "Requirements": [
        "R",
        "R6",
        "backports",
        "bit64",
        "checkmate",
        "curl",
        "data.table",
        "jsonlite",
        "lgr",
        "methods",
        "mlr3",
        "mlr3misc",
        "paradox",
        "stringi",
        "uuid",
        "withr"
      ],
      "Hash": "f07714e659328ff5cde8541731f8d204"
    },
    "mlr3pipelines": {
      "Package": "mlr3pipelines",
      "Version": "0.4.3",
      "Source": "Repository",
      "Repository": "CRAN",
      "Requirements": [
        "R",
        "R6",
        "backports",
        "checkmate",
        "data.table",
        "digest",
        "lgr",
        "mlr3",
        "mlr3misc",
        "paradox",
        "withr"
      ],
      "Hash": "1600d2d164d0feddba462e6569972c4b"
    },
    "mlr3tuning": {
      "Package": "mlr3tuning",
      "Version": "0.18.0",
      "Source": "Repository",
      "Repository": "CRAN",
      "Requirements": [
        "R",
        "R6",
        "bbotk",
        "checkmate",
        "data.table",
        "lgr",
        "mlr3",
        "mlr3misc",
        "paradox"
      ],
      "Hash": "78d487d9851cf5904f3491b21a162c41"
    },
    "mlr3tuningspaces": {
      "Package": "mlr3tuningspaces",
      "Version": "0.4.0",
      "Source": "Repository",
      "Repository": "CRAN",
      "Requirements": [
        "R",
        "R6",
        "checkmate",
        "data.table",
        "mlr3",
        "mlr3misc",
        "mlr3tuning",
        "paradox"
      ],
      "Hash": "d2ae3d9138c9b259d97c7bd6f626228e"
    },
    "mlr3verse": {
      "Package": "mlr3verse",
      "Version": "0.2.7",
      "Source": "GitHub",
      "RemoteType": "github",
      "RemoteUsername": "mlr-org",
      "RemoteRepo": "mlr3verse",
      "RemoteRef": "main",
      "RemoteSha": "9fc644f0fd223113578ecf4c9f022315da1aa434",
      "RemoteHost": "api.github.com",
      "Requirements": [
        "R",
        "bbotk",
        "data.table",
        "mlr3",
        "mlr3cluster",
        "mlr3data",
        "mlr3filters",
        "mlr3fselect",
        "mlr3hyperband",
        "mlr3learners",
        "mlr3mbo",
        "mlr3misc",
        "mlr3pipelines",
        "mlr3tuning",
        "mlr3tuningspaces",
        "mlr3viz",
        "paradox"
      ],
      "Hash": "0954628759df1af41d970c3e796ea3a4"
    },
    "mlr3viz": {
      "Package": "mlr3viz",
      "Version": "0.6.1.9000",
      "Source": "GitHub",
      "RemoteType": "github",
      "RemoteHost": "api.github.com",
      "RemoteUsername": "mlr-org",
      "RemoteRepo": "mlr3viz",
      "RemoteRef": "main",
      "RemoteSha": "9d62a0382f2955c9ba3971a1726250159e7f012b",
      "Requirements": [
        "R",
        "checkmate",
        "data.table",
        "ggplot2",
        "mlr3misc",
        "scales",
        "utils",
        "viridis"
      ],
      "Hash": "f9f130bb3b887b6c9a509aa1da6ddbf0"
    },
    "modeltools": {
      "Package": "modeltools",
      "Version": "0.2-23",
      "Source": "Repository",
      "Repository": "CRAN",
      "Requirements": [
        "methods",
        "stats",
        "stats4"
      ],
      "Hash": "f5a957c02222589bdf625a67be68b2a9"
    },
    "multcompView": {
      "Package": "multcompView",
      "Version": "0.1-9",
      "Source": "Repository",
      "Repository": "CRAN",
      "Requirements": [
        "grid"
      ],
      "Hash": "a453bb54107d6ff5fb4280729e15a023"
    },
    "munsell": {
      "Package": "munsell",
      "Version": "0.5.0",
      "Source": "Repository",
      "Repository": "CRAN",
      "Requirements": [
        "colorspace",
        "methods"
      ],
      "Hash": "6dfe8bf774944bd5595785e3229d8771"
    },
    "mvtnorm": {
      "Package": "mvtnorm",
      "Version": "1.1-3",
      "Source": "Repository",
      "Repository": "CRAN",
      "Requirements": [
        "R",
        "methods",
        "stats"
      ],
      "Hash": "7a7541cc284cb2ba3ba7eae645892af5"
    },
    "nlme": {
      "Package": "nlme",
      "Version": "3.1-162",
      "Source": "Repository",
      "Repository": "CRAN",
      "Requirements": [
        "R",
        "graphics",
        "lattice",
        "stats",
        "utils"
      ],
      "Hash": "0984ce8da8da9ead8643c5cbbb60f83e"
    },
    "nnet": {
      "Package": "nnet",
      "Version": "7.3-18",
      "Source": "Repository",
      "Repository": "CRAN",
      "Requirements": [
        "R",
        "stats",
        "utils"
      ],
      "Hash": "170da2130d5332bea7d6ede01875ba1d"
    },
    "openssl": {
      "Package": "openssl",
      "Version": "2.0.6",
      "Source": "Repository",
      "Repository": "CRAN",
      "Requirements": [
        "askpass"
      ],
      "Hash": "0f7cd2962e3044bb940cca4f4b5cecbe"
    },
    "palmerpenguins": {
      "Package": "palmerpenguins",
      "Version": "0.1.1",
      "Source": "Repository",
      "Repository": "CRAN",
      "Requirements": [
        "R"
      ],
      "Hash": "6c6861efbc13c1d543749e9c7be4a592"
    },
    "paradox": {
      "Package": "paradox",
      "Version": "0.11.1",
      "Source": "Repository",
      "Repository": "CRAN",
      "Requirements": [
        "R6",
        "backports",
        "checkmate",
        "data.table",
        "methods",
        "mlr3misc"
      ],
      "Hash": "d257067d1721ed3861f9ad966c06477d"
    },
    "parallelly": {
      "Package": "parallelly",
      "Version": "1.35.0",
      "Source": "Repository",
      "Repository": "CRAN",
      "Requirements": [
        "parallel",
        "tools",
        "utils"
      ],
      "Hash": "1cf5a54cfc5dcb0b84037acfd93cbca7"
    },
    "pillar": {
      "Package": "pillar",
      "Version": "1.9.0",
      "Source": "Repository",
      "Repository": "CRAN",
      "Requirements": [
        "cli",
        "fansi",
        "glue",
        "lifecycle",
        "rlang",
        "utf8",
        "utils",
        "vctrs"
      ],
      "Hash": "15da5a8412f317beeee6175fbc76f4bb"
    },
    "pkgconfig": {
      "Package": "pkgconfig",
      "Version": "2.0.3",
      "Source": "Repository",
      "Repository": "CRAN",
      "Requirements": [
        "utils"
      ],
      "Hash": "01f28d4278f15c76cddbea05899c5d6f"
    },
    "pkgload": {
      "Package": "pkgload",
      "Version": "1.3.2",
      "Source": "Repository",
      "Repository": "CRAN",
      "Requirements": [
        "R",
        "cli",
        "crayon",
        "desc",
        "fs",
        "glue",
        "methods",
        "rlang",
        "rprojroot",
        "utils",
        "withr"
      ],
      "Hash": "6b0c222c5071efe0f3baf3dae9aa40e2"
    },
    "prabclus": {
      "Package": "prabclus",
      "Version": "2.3-2",
      "Source": "Repository",
      "Repository": "CRAN",
      "Requirements": [
        "MASS",
        "R",
        "mclust"
      ],
      "Hash": "cede8f99ed507aeb7d9e742f54d856f1"
    },
    "praise": {
      "Package": "praise",
      "Version": "1.0.0",
      "Source": "Repository",
      "Repository": "CRAN",
      "Hash": "a555924add98c99d2f411e37e7d25e9f"
    },
    "prettyunits": {
      "Package": "prettyunits",
      "Version": "1.1.1",
      "Source": "Repository",
      "Repository": "CRAN",
      "Hash": "95ef9167b75dde9d2ccc3c7528393e7e"
    },
    "processx": {
      "Package": "processx",
      "Version": "3.8.1",
      "Source": "Repository",
      "Repository": "CRAN",
      "Requirements": [
        "R",
        "R6",
        "ps",
        "utils"
      ],
      "Hash": "d75b4059d781336efba24021915902b4"
    },
    "progress": {
      "Package": "progress",
      "Version": "1.2.2",
      "Source": "Repository",
      "Repository": "CRAN",
      "Requirements": [
        "R6",
        "crayon",
        "hms",
        "prettyunits"
      ],
      "Hash": "14dc9f7a3c91ebb14ec5bb9208a07061"
    },
    "ps": {
      "Package": "ps",
      "Version": "1.7.5",
      "Source": "Repository",
      "Repository": "CRAN",
      "Requirements": [
        "R",
        "utils"
      ],
      "Hash": "709d852d33178db54b17c722e5b1e594"
    },
    "qs": {
      "Package": "qs",
      "Version": "0.25.5",
      "Source": "Repository",
      "Repository": "CRAN",
      "Requirements": [
        "R",
        "RApiSerialize",
        "Rcpp",
        "stringfish"
      ],
      "Hash": "f40adbb81e0f84f4292c1a1a3e9dfaa5"
    },
    "ranger": {
      "Package": "ranger",
      "Version": "0.15.1",
      "Source": "Repository",
      "Repository": "CRAN",
      "Requirements": [
        "Matrix",
        "R",
        "Rcpp",
        "RcppEigen"
      ],
      "Hash": "ec74161e5a464623b0cdfc435f9926ed"
    },
    "rappdirs": {
      "Package": "rappdirs",
      "Version": "0.3.3",
      "Source": "Repository",
      "Repository": "CRAN",
      "Requirements": [
        "R"
      ],
      "Hash": "5e3c5dc0b071b21fa128676560dbe94d"
    },
    "rematch2": {
      "Package": "rematch2",
      "Version": "2.1.2",
      "Source": "Repository",
      "Repository": "CRAN",
      "Requirements": [
        "tibble"
      ],
      "Hash": "76c9e04c712a05848ae7a23d2f170a40"
    },
    "renv": {
      "Package": "renv",
      "Version": "0.17.0",
      "Source": "Repository",
      "Repository": "CRAN",
      "Requirements": [
        "utils"
      ],
      "Hash": "ce3065fc1a0b64a859f55ac3998d6927"
    },
    "rlang": {
      "Package": "rlang",
      "Version": "1.1.0",
      "Source": "Repository",
      "Repository": "CRAN",
      "Requirements": [
        "R",
        "utils"
      ],
      "Hash": "dc079ccd156cde8647360f473c1fa718"
    },
    "robustbase": {
      "Package": "robustbase",
      "Version": "0.95-1",
      "Source": "Repository",
      "Repository": "CRAN",
      "Requirements": [
        "DEoptimR",
        "R",
        "graphics",
        "methods",
        "stats",
        "utils"
      ],
      "Hash": "50e6b6ad7801416766716d9fa853e23d"
    },
    "rpart": {
      "Package": "rpart",
      "Version": "4.1.19",
      "Source": "Repository",
      "Repository": "CRAN",
      "Requirements": [
        "R",
        "grDevices",
        "graphics",
        "stats"
      ],
      "Hash": "b3c892a81783376cc2204af0f5805a80"
    },
    "rprojroot": {
      "Package": "rprojroot",
      "Version": "2.0.3",
      "Source": "Repository",
      "Repository": "CRAN",
      "Requirements": [
        "R"
      ],
      "Hash": "1de7ab598047a87bba48434ba35d497d"
    },
    "scales": {
      "Package": "scales",
      "Version": "1.2.1",
      "Source": "Repository",
      "Repository": "CRAN",
      "Requirements": [
        "R",
        "R6",
        "RColorBrewer",
        "farver",
        "labeling",
        "lifecycle",
        "munsell",
        "rlang",
        "viridisLite"
      ],
      "Hash": "906cb23d2f1c5680b8ce439b44c6fa63"
    },
    "shape": {
      "Package": "shape",
      "Version": "1.4.6",
      "Source": "Repository",
      "Repository": "CRAN",
      "Requirements": [
        "R",
        "grDevices",
        "graphics",
        "stats"
      ],
      "Hash": "9067f962730f58b14d8ae54ca885509f"
    },
    "spatial": {
      "Package": "spatial",
      "Version": "7.3-15",
      "Source": "Repository",
      "Repository": "CRAN",
      "Requirements": [
        "R",
        "graphics",
        "stats",
        "utils"
      ],
      "Hash": "c23666fdb7789c8a45e65340bb334607"
    },
    "stringfish": {
      "Package": "stringfish",
      "Version": "0.15.7",
      "Source": "Repository",
      "Repository": "CRAN",
      "Requirements": [
        "R",
        "Rcpp",
        "RcppParallel"
      ],
      "Hash": "d860d083dadb4117e305b6451bb2dc8b"
    },
    "stringi": {
      "Package": "stringi",
      "Version": "1.7.12",
      "Source": "Repository",
      "Repository": "CRAN",
      "Requirements": [
        "R",
        "stats",
        "tools",
        "utils"
      ],
      "Hash": "ca8bd84263c77310739d2cf64d84d7c9"
    },
    "survival": {
      "Package": "survival",
      "Version": "3.5-5",
      "Source": "Repository",
      "Repository": "CRAN",
      "Requirements": [
        "Matrix",
        "R",
        "graphics",
        "methods",
        "splines",
        "stats",
        "utils"
      ],
      "Hash": "d683341b1fa2e8d817efde27d6e6d35b"
    },
    "sys": {
      "Package": "sys",
      "Version": "3.4.1",
      "Source": "Repository",
      "Repository": "CRAN",
      "Hash": "34c16f1ef796057bfa06d3f4ff818a5d"
    },
    "testthat": {
      "Package": "testthat",
      "Version": "3.1.7",
      "Source": "Repository",
      "Repository": "CRAN",
      "Requirements": [
        "R",
        "R6",
        "brio",
        "callr",
        "cli",
        "desc",
        "digest",
        "ellipsis",
        "evaluate",
        "jsonlite",
        "lifecycle",
        "magrittr",
        "methods",
        "pkgload",
        "praise",
        "processx",
        "ps",
        "rlang",
        "utils",
        "waldo",
        "withr"
      ],
      "Hash": "7eb5fd202a61d2fb78af5869b6c08998"
    },
    "tibble": {
      "Package": "tibble",
      "Version": "3.2.1",
      "Source": "Repository",
      "Repository": "CRAN",
      "Requirements": [
        "R",
        "fansi",
        "lifecycle",
        "magrittr",
        "methods",
        "pillar",
        "pkgconfig",
        "rlang",
        "utils",
        "vctrs"
      ],
      "Hash": "a84e2cc86d07289b3b6f5069df7a004c"
    },
    "utf8": {
      "Package": "utf8",
      "Version": "1.2.3",
      "Source": "Repository",
      "Repository": "CRAN",
      "Requirements": [
        "R"
      ],
      "Hash": "1fe17157424bb09c48a8b3b550c753bc"
    },
    "uuid": {
      "Package": "uuid",
      "Version": "1.1-0",
      "Source": "Repository",
      "Repository": "CRAN",
      "Requirements": [
        "R"
      ],
      "Hash": "f1cb46c157d080b729159d407be83496"
    },
    "vctrs": {
      "Package": "vctrs",
      "Version": "0.6.2",
      "Source": "Repository",
      "Repository": "CRAN",
      "Requirements": [
        "R",
        "cli",
        "glue",
        "lifecycle",
        "rlang"
      ],
      "Hash": "a745bda7aff4734c17294bb41d4e4607"
    },
    "viridis": {
      "Package": "viridis",
      "Version": "0.6.2",
      "Source": "Repository",
      "Repository": "CRAN",
      "Requirements": [
        "R",
        "ggplot2",
        "gridExtra",
        "stats",
        "viridisLite"
      ],
      "Hash": "ee96aee95a7a563e5496f8991e9fde4b"
    },
    "viridisLite": {
      "Package": "viridisLite",
      "Version": "0.4.1",
      "Source": "Repository",
      "Repository": "CRAN",
      "Requirements": [
        "R"
      ],
      "Hash": "62f4b5da3e08d8e5bcba6cac15603f70"
    },
    "waldo": {
      "Package": "waldo",
      "Version": "0.4.0",
      "Source": "Repository",
      "Repository": "CRAN",
      "Requirements": [
        "cli",
        "diffobj",
        "fansi",
        "glue",
        "methods",
        "rematch2",
        "rlang",
        "tibble"
      ],
      "Hash": "035fba89d0c86e2113120f93301b98ad"
    },
    "withr": {
      "Package": "withr",
      "Version": "2.5.0",
      "Source": "Repository",
      "Repository": "CRAN",
      "Requirements": [
        "R",
        "grDevices",
        "graphics",
        "stats"
      ],
      "Hash": "c0e49a9760983e81e55cdd9be92e7182"
    },
    "xgboost": {
      "Package": "xgboost",
      "Version": "1.7.5.1",
      "Source": "Repository",
      "Repository": "CRAN",
      "Requirements": [
        "Matrix",
        "R",
        "data.table",
        "jsonlite",
        "methods"
      ],
      "Hash": "6b8d09cf8ffc148162a4d57d01e61490"
    },
    "xml2": {
      "Package": "xml2",
      "Version": "1.3.3",
      "Source": "Repository",
      "Repository": "CRAN",
      "Requirements": [
        "R",
        "methods"
      ],
      "Hash": "40682ed6a969ea5abfd351eb67833adc"
    }
  }
}
